
Microsoft Visual Studio Solution File, Format Version 12.00
# Visual Studio Version 17
VisualStudioVersion = 17.4.33122.133
MinimumVisualStudioVersion = 10.0.40219.1
Project("{9A19103F-16F7-4668-BE54-9A1E7A4F7556}") = "Tehtävä 1.1 ja 1.2", "Tehtävä 1.1 ja 1.2\Tehtävä 1.1 ja 1.2.csproj", "{0065F14E-AB90-439C-9593-4B1D88FB983D}"
EndProject
Project("{9A19103F-16F7-4668-BE54-9A1E7A4F7556}") = "Unit Tests", "Unit Tests\Unit Tests.csproj", "{0786A702-42DF-4084-B42B-40305B42B0A4}"
EndProject
Global
	GlobalSection(SolutionConfigurationPlatforms) = preSolution
		Debug|Any CPU = Debug|Any CPU
		Release|Any CPU = Release|Any CPU
	EndGlobalSection
	GlobalSection(ProjectConfigurationPlatforms) = postSolution
		{0065F14E-AB90-439C-9593-4B1D88FB983D}.Debug|Any CPU.ActiveCfg = Debug|Any CPU
		{0065F14E-AB90-439C-9593-4B1D88FB983D}.Debug|Any CPU.Build.0 = Debug|Any CPU
		{0065F14E-AB90-439C-9593-4B1D88FB983D}.Release|Any CPU.ActiveCfg = Release|Any CPU
		{0065F14E-AB90-439C-9593-4B1D88FB983D}.Release|Any CPU.Build.0 = Release|Any CPU
		{0786A702-42DF-4084-B42B-40305B42B0A4}.Debug|Any CPU.ActiveCfg = Debug|Any CPU
		{0786A702-42DF-4084-B42B-40305B42B0A4}.Debug|Any CPU.Build.0 = Debug|Any CPU
		{0786A702-42DF-4084-B42B-40305B42B0A4}.Release|Any CPU.ActiveCfg = Release|Any CPU
		{0786A702-42DF-4084-B42B-40305B42B0A4}.Release|Any CPU.Build.0 = Release|Any CPU
	EndGlobalSection
	GlobalSection(SolutionProperties) = preSolution
		HideSolutionNode = FALSE
	EndGlobalSection
	GlobalSection(ExtensibilityGlobals) = postSolution
		SolutionGuid = {47504A42-222A-44FD-BF19-15D338204F3D}
	EndGlobalSection
EndGlobal
